
Microsoft Visual Studio Solution File, Format Version 12.00
# Visual Studio Version 17
VisualStudioVersion = 17.1.32210.238
MinimumVisualStudioVersion = 10.0.40219.1
Project("{FAE04EC0-301F-11D3-BF4B-00C04F79EFBC}") = "Task-2", "Task-2\Task-2.csproj", "{CE04FBC9-6765-4769-B000-DE9EC4466C8A}"
EndProject
Global
	GlobalSection(SolutionConfigurationPlatforms) = preSolution
		Debug|Any CPU = Debug|Any CPU
		Release|Any CPU = Release|Any CPU
	EndGlobalSection
	GlobalSection(ProjectConfigurationPlatforms) = postSolution
		{CE04FBC9-6765-4769-B000-DE9EC4466C8A}.Debug|Any CPU.ActiveCfg = Debug|Any CPU
		{CE04FBC9-6765-4769-B000-DE9EC4466C8A}.Debug|Any CPU.Build.0 = Debug|Any CPU
		{CE04FBC9-6765-4769-B000-DE9EC4466C8A}.Release|Any CPU.ActiveCfg = Release|Any CPU
		{CE04FBC9-6765-4769-B000-DE9EC4466C8A}.Release|Any CPU.Build.0 = Release|Any CPU
	EndGlobalSection
	GlobalSection(SolutionProperties) = preSolution
		HideSolutionNode = FALSE
	EndGlobalSection
	GlobalSection(ExtensibilityGlobals) = postSolution
		SolutionGuid = {C1E45EF5-0C56-4DB2-A295-6888FABD340A}
	EndGlobalSection
EndGlobal
